
Microsoft Visual Studio Solution File, Format Version 12.00
# Visual Studio 15
VisualStudioVersion = 15.0.28010.2041
MinimumVisualStudioVersion = 10.0.40219.1
Project("{FAE04EC0-301F-11D3-BF4B-00C04F79EFBC}") = "CalcIfElse", "CalcIfElse\CalcIfElse.csproj", "{D798864C-E042-4530-A77F-90AD18BBEFDB}"
EndProject
Global
	GlobalSection(SolutionConfigurationPlatforms) = preSolution
		Debug|Any CPU = Debug|Any CPU
		Release|Any CPU = Release|Any CPU
	EndGlobalSection
	GlobalSection(ProjectConfigurationPlatforms) = postSolution
		{D798864C-E042-4530-A77F-90AD18BBEFDB}.Debug|Any CPU.ActiveCfg = Debug|Any CPU
		{D798864C-E042-4530-A77F-90AD18BBEFDB}.Debug|Any CPU.Build.0 = Debug|Any CPU
		{D798864C-E042-4530-A77F-90AD18BBEFDB}.Release|Any CPU.ActiveCfg = Release|Any CPU
		{D798864C-E042-4530-A77F-90AD18BBEFDB}.Release|Any CPU.Build.0 = Release|Any CPU
	EndGlobalSection
	GlobalSection(SolutionProperties) = preSolution
		HideSolutionNode = FALSE
	EndGlobalSection
	GlobalSection(ExtensibilityGlobals) = postSolution
		SolutionGuid = {740E0D68-A063-4EAF-B763-E0B2297AAD25}
	EndGlobalSection
EndGlobal
